{
  "name": "specula-integration",
  "version": "0.0.1",
  "lockfileVersion": 3,
  "requires": true,
  "packages": {
    "": {
      "name": "specula-integration",
      "version": "0.0.1",
      "dependencies": {
        "@swc/core": "1.15.33"
      }
    },
    "node_modules/@swc/core": {
      "version": "1.15.33",
      "resolved": "https://registry.npmjs.org/@swc/core/-/core-1.15.33.tgz",
      "integrity": "sha512-jOlwnFV2xhuuZeAUILGFULeR6vDPfijEJ57evfocwznQldLU3w2cZ9bSDryY9ip+AsM3r1NJKzf47V2NXebkeQ==",
      "hasInstallScript": true,
      "license": "Apache-2.0",
      "dependencies": {
        "@swc/counter": "^0.1.3",
        "@swc/types": "^0.1.26"
      },
      "engines": {
        "node": ">=10"
      },
      "funding": {
        "type": "opencollective",
        "url": "https://opencollective.com/swc"
      },
      "optionalDependencies": {
        "@swc/core-darwin-arm64": "1.15.33",
        "@swc/core-darwin-x64": "1.15.33",
        "@swc/core-linux-arm-gnueabihf": "1.15.33",
        "@swc/core-linux-arm64-gnu": "1.15.33",
        "@swc/core-linux-arm64-musl": "1.15.33",
        "@swc/core-linux-ppc64-gnu": "1.15.33",
        "@swc/core-linux-s390x-gnu": "1.15.33",
        "@swc/core-linux-x64-gnu": "1.15.33",
        "@swc/core-linux-x64-musl": "1.15.33",
        "@swc/core-win32-arm64-msvc": "1.15.33",
        "@swc/core-win32-ia32-msvc": "1.15.33",
        "@swc/core-win32-x64-msvc": "1.15.33"
      },
      "peerDependencies": {
        "@swc/helpers": ">=0.5.17"
      },
      "peerDependenciesMeta": {
        "@swc/helpers": {
          "optional": true
        }
      }
    },
    "node_modules/@swc/core-darwin-arm64": {
      "version": "1.15.33",
      "resolved": "https://registry.npmjs.org/@swc/core-darwin-arm64/-/core-darwin-arm64-1.15.33.tgz",
      "integrity": "sha512-N+L0uXhuO7FIfzqwgxmzv0zIpV0qEp8wPX3QQs2p4atjMoywup2JTeDlXPw+z9pWJGCae3JjM+tZ6myclI+2gA==",
      "cpu": [
        "arm64"
      ],
      "license": "Apache-2.0 AND MIT",
      "optional": true,
      "os": [
        "darwin"
      ],
      "engines": {
        "node": ">=10"
      }
    },
    "node_modules/@swc/core-darwin-x64": {
      "version": "1.15.33",
      "resolved": "https://registry.npmjs.org/@swc/core-darwin-x64/-/core-darwin-x64-1.15.33.tgz",
      "integrity": "sha512-/Il4QHSOhV4FekbsDtkrNmKbsX26oSysvgrRswa/RYOHXAkwXDbB4jaeKq6PsJLSPkzJ2KzQ061gtBnk0vNHfA==",
      "cpu": [
        "x64"
      ],
      "license": "Apache-2.0 AND MIT",
      "optional": true,
      "os": [
        "darwin"
      ],
      "engines": {
        "node": ">=10"
      }
    },
    "node_modules/@swc/core-linux-arm-gnueabihf": {
      "version": "1.15.33",
      "resolved": "https://registry.npmjs.org/@swc/core-linux-arm-gnueabihf/-/core-linux-arm-gnueabihf-1.15.33.tgz",
      "integrity": "sha512-C64hBnBxq4viOPQ8hlx+2lJ23bzZBGnjw7ryALmS+0Q3zHmwO8lw1/DArLENw4Q18/0w5wdEO1k3m1wWNtKGqQ==",
      "cpu": [
        "arm"
      ],
      "license": "Apache-2.0",
      "optional": true,
      "os": [
        "linux"
      ],
      "engines": {
        "node": ">=10"
      }
    },
    "node_modules/@swc/core-linux-arm64-gnu": {
      "version": "1.15.33",
      "resolved": "https://registry.npmjs.org/@swc/core-linux-arm64-gnu/-/core-linux-arm64-gnu-1.15.33.tgz",
      "integrity": "sha512-TRJfnJbX3jqpxRDRoieMzRiCBS5jOmXNb3iQXmcgjFEHKLnAgK1RZRU8Cq1MsPqO4jAJp/ld1G4O3fXuxv85uw==",
      "cpu": [
        "arm64"
      ],
      "license": "Apache-2.0 AND MIT",
      "optional": true,
      "os": [
        "linux"
      ],
      "engines": {
        "node": ">=10"
      }
    },
    "node_modules/@swc/core-linux-arm64-musl": {
      "version": "1.15.33",
      "resolved": "https://registry.npmjs.org/@swc/core-linux-arm64-musl/-/core-linux-arm64-musl-1.15.33.tgz",
      "integrity": "sha512-il7tYM+CpUNzieQbwAjFT1P8zqAhmGWNAGhQZBnxurXZ0aNn+5nqYFTEUKNZl7QibtT0uQXzTZrNGHCIj6Y1Og==",
      "cpu": [
        "arm64"
      ],
      "license": "Apache-2.0 AND MIT",
      "optional": true,
      "os": [
        "linux"
      ],
      "engines": {
        "node": ">=10"
      }
    },
    "node_modules/@swc/core-linux-ppc64-gnu": {
      "version": "1.15.33",
      "resolved": "https://registry.npmjs.org/@swc/core-linux-ppc64-gnu/-/core-linux-ppc64-gnu-1.15.33.tgz",
      "integrity": "sha512-ZtNBwN0Z7CFj9Il0FcPaKdjgP7URyKu/3RfH46vq+0paOBqLj4NYldD6Qo//Duif/7IOtAraUfDOmp0PLAufog==",
      "cpu": [
        "ppc64"
      ],
      "license": "Apache-2.0 AND MIT",
      "optional": true,
      "os": [
        "linux"
      ],
      "engines": {
        "node": ">=10"
      }
    },
    "node_modules/@swc/core-linux-s390x-gnu": {
      "version": "1.15.33",
      "resolved": "https://registry.npmjs.org/@swc/core-linux-s390x-gnu/-/core-linux-s390x-gnu-1.15.33.tgz",
      "integrity": "sha512-De1IyajoOmhOYYjw/lx66bKlyDpHZTueqwpDrWgf5O7T6d1ODeJJO9/OqMBmrBQc5C+dNnlmIufHsp4QVCWufA==",
      "cpu": [
        "s390x"
      ],
      "license": "Apache-2.0 AND MIT",
      "optional": true,
      "os": [
        "linux"
      ],
      "engines": {
        "node": ">=10"
      }
    },
    "node_modules/@swc/core-linux-x64-gnu": {
      "version": "1.15.33",
      "resolved": "https://registry.npmjs.org/@swc/core-linux-x64-gnu/-/core-linux-x64-gnu-1.15.33.tgz",
      "integrity": "sha512-mGTH0YxmUN+x6vRN/I6NOk5X0ogNktkwPnJ94IMvR7QjhRDwL0O8RXEDhyUM0YtwWrryBOqaJQBX4zruxEPRGw==",
      "cpu": [
        "x64"
      ],
      "license": "Apache-2.0 AND MIT",
      "optional": true,
      "os": [
        "linux"
      ],
      "engines": {
        "node": ">=10"
      }
    },
    "node_modules/@swc/core-linux-x64-musl": {
      "version": "1.15.33",
      "resolved": "https://registry.npmjs.org/@swc/core-linux-x64-musl/-/core-linux-x64-musl-1.15.33.tgz",
      "integrity": "sha512-hj628ZkSEJf6zMf5VMbYrG2O6QqyTIp2qwY6VlCjvIa9lAEZ5c2lfPblCLVGYubTeLJDxadLB/CxqQYOQABeEQ==",
      "cpu": [
        "x64"
      ],
      "license": "Apache-2.0 AND MIT",
      "optional": true,
      "os": [
        "linux"
      ],
      "engines": {
        "node": ">=10"
      }
    },
    "node_modules/@swc/core-win32-arm64-msvc": {
      "version": "1.15.33",
      "resolved": "https://registry.npmjs.org/@swc/core-win32-arm64-msvc/-/core-win32-arm64-msvc-1.15.33.tgz",
      "integrity": "sha512-GV2oohtN2/5+KSccl86VULu3aT+LrISC8uzgSq0FRnikpD+Zwc+sBlXmoKQ+Db6jI57ITUOIB8jRkdGMABC29g==",
      "cpu": [
        "arm64"
      ],
      "license": "Apache-2.0 AND MIT",
      "optional": true,
      "os": [
        "win32"
      ],
      "engines": {
        "node": ">=10"
      }
    },
    "node_modules/@swc/core-win32-ia32-msvc": {
      "version": "1.15.33",
      "resolved": "https://registry.npmjs.org/@swc/core-win32-ia32-msvc/-/core-win32-ia32-msvc-1.15.33.tgz",
      "integrity": "sha512-gtyvzSNR8DHKfFEA2uqb8Ld1myqi6uEg2jyeUq3ikn5ytYs7H8RpZYC8mdy4NXr8hfcdJfCLXPlYaqqfBXpoEQ==",
      "cpu": [
        "ia32"
      ],
      "license": "Apache-2.0 AND MIT",
      "optional": true,
      "os": [
        "win32"
      ],
      "engines": {
        "node": ">=10"
      }
    },
    "node_modules/@swc/core-win32-x64-msvc": {
      "version": "1.15.33",
      "resolved": "https://registry.npmjs.org/@swc/core-win32-x64-msvc/-/core-win32-x64-msvc-1.15.33.tgz",
      "integrity": "sha512-d6fRqQSkJI+kmMEBWaDQ7TMl8+YjLYbwRUPZQ9DY0ORBJeTzOrG0twvfvlZ2xgw6jA0ScQKgfBm4vHLSLl5Hqg==",
      "cpu": [
        "x64"
      ],
      "license": "Apache-2.0 AND MIT",
      "optional": true,
      "os": [
        "win32"
      ],
      "engines": {
        "node": ">=10"
      }
    },
    "node_modules/@swc/counter": {
      "version": "0.1.3",
      "resolved": "https://registry.npmjs.org/@swc/counter/-/counter-0.1.3.tgz",
      "integrity": "sha512-e2BR4lsJkkRlKZ/qCHPw9ZaSxc0MVUd7gtbtaB7aMvHeJVYe8sOB8DBZkP2DtISHGSku9sCK6T6cnY0CtXrOCQ==",
      "license": "Apache-2.0"
    },
    "node_modules/@swc/types": {
      "version": "0.1.26",
      "resolved": "https://registry.npmjs.org/@swc/types/-/types-0.1.26.tgz",
      "integrity": "sha512-lyMwd7WGgG79RS7EERZV3T8wMdmPq3xwyg+1nmAM64kIhx5yl+juO2PYIHb7vTiPgPCj8LYjsNV2T5wiQHUEaw==",
      "license": "Apache-2.0",
      "dependencies": {
        "@swc/counter": "^0.1.3"
      }
    }
  }
}
